
Microsoft Visual Studio Solution File, Format Version 12.00
# Visual Studio Version 16
VisualStudioVersion = 16.0.29418.71
MinimumVisualStudioVersion = 10.0.40219.1
Project("{FAE04EC0-301F-11D3-BF4B-00C04F79EFBC}") = "Sales Automation v.0.0.1", "Sales Automation v.0.0.1\Sales Automation v.0.0.1.csproj", "{328F5C13-5486-4FEB-B747-BDC432D3EA22}"
EndProject
Global
	GlobalSection(SolutionConfigurationPlatforms) = preSolution
		Debug|Any CPU = Debug|Any CPU
		Release|Any CPU = Release|Any CPU
	EndGlobalSection
	GlobalSection(ProjectConfigurationPlatforms) = postSolution
		{328F5C13-5486-4FEB-B747-BDC432D3EA22}.Debug|Any CPU.ActiveCfg = Debug|Any CPU
		{328F5C13-5486-4FEB-B747-BDC432D3EA22}.Debug|Any CPU.Build.0 = Debug|Any CPU
		{328F5C13-5486-4FEB-B747-BDC432D3EA22}.Release|Any CPU.ActiveCfg = Release|Any CPU
		{328F5C13-5486-4FEB-B747-BDC432D3EA22}.Release|Any CPU.Build.0 = Release|Any CPU
	EndGlobalSection
	GlobalSection(SolutionProperties) = preSolution
		HideSolutionNode = FALSE
	EndGlobalSection
	GlobalSection(ExtensibilityGlobals) = postSolution
		SolutionGuid = {1A8CFE02-0861-40EC-A6A9-04B7A3DD4EEE}
	EndGlobalSection
EndGlobal
